<?xml version="1.0" encoding="utf-8"?>
<Project ToolsVersion="4.0" xmlns="http://schemas.microsoft.com/developer/msbuild/2003">
  <ItemGroup>
    <Filter Include="Camera">
      <UniqueIdentifier>{2d6e9b41-7c35-4f0a-8b19-5e4a3c7d2f60}</UniqueIdentifier>
    </Filter>
    <Filter Include="Client">
      <UniqueIdentifier>{8b4f1a27-3e6c-4d95-a0b2-7f19c5e84d31}</UniqueIdentifier>
    </Filter>
    <Filter Include="Snapshots">
      <UniqueIdentifier>{4e8a2c61-b73f-4d09-9a5e-1c6f3b8d7e24}</UniqueIdentifier>
    </Filter>
    <Filter Include="Controls">
      <UniqueIdentifier>{9d3b7f52-2a61-4c8e-b94d-6e05a1c3f718}</UniqueIdentifier>
    </Filter>
    <Filter Include="Measurement">
      <UniqueIdentifier>{0f6c2b93-5e1a-4d87-b3c4-8a29e7d15f60}</UniqueIdentifier>
    </Filter>
    <Filter Include="Models">
      <UniqueIdentifier>{c5a73e18-9f42-4b6d-8e01-3d27b6f9a4c5}</UniqueIdentifier>
    </Filter>
  </ItemGroup>
  <ItemGroup>
    <ClInclude Include="pch.h" />
    <ClInclude Include="GameApp.h" />
    <ClInclude Include="Camera.h">
      <Filter>Camera</Filter>
    </ClInclude>
    <ClInclude Include="GameClient.h">
      <Filter>Client</Filter>
    </ClInclude>
    <ClInclude Include="LoadDriver.h">
      <Filter>Measurement</Filter>
    </ClInclude>
    <ClInclude Include="ModelCatalog.h">
      <Filter>Models</Filter>
    </ClInclude>
    <ClInclude Include="Picking.h">
      <Filter>Controls</Filter>
    </ClInclude>
    <ClInclude Include="PlayerControls.h">
      <Filter>Controls</Filter>
    </ClInclude>
    <ClInclude Include="SnapshotInterpolator.h">
      <Filter>Snapshots</Filter>
    </ClInclude>
  </ItemGroup>
  <ItemGroup>
    <ClCompile Include="pch.cpp" />
    <ClCompile Include="Camera.cpp">
      <Filter>Camera</Filter>
    </ClCompile>
    <ClCompile Include="GameClient.cpp">
      <Filter>Client</Filter>
    </ClCompile>
    <ClCompile Include="LoadDriver.cpp">
      <Filter>Measurement</Filter>
    </ClCompile>
    <ClCompile Include="ModelCatalog.cpp">
      <Filter>Models</Filter>
    </ClCompile>
    <ClCompile Include="Picking.cpp">
      <Filter>Controls</Filter>
    </ClCompile>
    <ClCompile Include="PlayerControls.cpp">
      <Filter>Controls</Filter>
    </ClCompile>
    <ClCompile Include="SnapshotInterpolator.cpp">
      <Filter>Snapshots</Filter>
    </ClCompile>
  </ItemGroup>
</Project>
