<?xml version="1.0" encoding="utf-8"?>
<Project ToolsVersion="4.0" xmlns="http://schemas.microsoft.com/developer/msbuild/2003">
  <ItemGroup>
    <Filter Include="Interface">
      <UniqueIdentifier>{0061612e-5d71-4e7e-80fc-05e5b2b55316}</UniqueIdentifier>
    </Filter>
    <Filter Include="Effects">
      <UniqueIdentifier>{7262894a-eaa4-4a30-8928-3bbeccbf3d1a}</UniqueIdentifier>
    </Filter>
    <Filter Include="Camera">
      <UniqueIdentifier>{2d6e9b41-7c35-4f0a-8b19-5e4a3c7d2f60}</UniqueIdentifier>
    </Filter>
    <Filter Include="Client">
      <UniqueIdentifier>{8b4f1a27-3e6c-4d95-a0b2-7f19c5e84d31}</UniqueIdentifier>
    </Filter>
    <Filter Include="Snapshots">
      <UniqueIdentifier>{4e8a2c61-b73f-4d09-9a5e-1c6f3b8d7e24}</UniqueIdentifier>
    </Filter>
    <Filter Include="Controls">
      <UniqueIdentifier>{9d3b7f52-2a61-4c8e-b94d-6e05a1c3f718}</UniqueIdentifier>
    </Filter>
    <Filter Include="Measurement">
      <UniqueIdentifier>{0f6c2b93-5e1a-4d87-b3c4-8a29e7d15f60}</UniqueIdentifier>
    </Filter>
    <Filter Include="Sky">
      <UniqueIdentifier>{b949797c-eb41-4cee-bf82-df201d477b87}</UniqueIdentifier>
    </Filter>
    <Filter Include="Fog">
      <UniqueIdentifier>{e8ab7097-eab7-4676-8ced-537f66af174b}</UniqueIdentifier>
    </Filter>
    <Filter Include="Models">
      <UniqueIdentifier>{c5a73e18-9f42-4b6d-8e01-3d27b6f9a4c5}</UniqueIdentifier>
    </Filter>
  </ItemGroup>
  <ItemGroup>
    <ClInclude Include="pch.h" />
    <ClInclude Include="GameApp.h" />
    <ClInclude Include="Camera.h">
      <Filter>Camera</Filter>
    </ClInclude>
    <ClInclude Include="GameClient.h">
      <Filter>Client</Filter>
    </ClInclude>
    <ClInclude Include="LoadDriver.h">
      <Filter>Measurement</Filter>
    </ClInclude>
    <ClInclude Include="MatchLog.h">
      <Filter>Measurement</Filter>
    </ClInclude>
    <ClInclude Include="ModelCatalog.h">
      <Filter>Models</Filter>
    </ClInclude>
    <ClInclude Include="Hardpoints.h">
      <Filter>Models</Filter>
    </ClInclude>
    <ClInclude Include="Picking.h">
      <Filter>Controls</Filter>
    </ClInclude>
    <ClInclude Include="PlayerControls.h">
      <Filter>Controls</Filter>
    </ClInclude>
    <ClInclude Include="SnapshotInterpolator.h">
      <Filter>Snapshots</Filter>
    </ClInclude>
    <ClInclude Include="ShipBanking.h">
      <Filter>Models</Filter>
    </ClInclude>
    <ClInclude Include="WindowManager.h">
      <Filter>Interface</Filter>
    </ClInclude>
    <ClInclude Include="Starfield.h">
      <Filter>Sky</Filter>
    </ClInclude>
    <ClInclude Include="CombatEffects.h">
      <Filter>Effects</Filter>
    </ClInclude>
    <ClInclude Include="EffectRandom.h">
      <Filter>Effects</Filter>
    </ClInclude>
    <ClInclude Include="ExplosionManager.h">
      <Filter>Effects</Filter>
    </ClInclude>
    <ClInclude Include="ParticleSystem.h">
      <Filter>Effects</Filter>
    </ClInclude>
    <ClInclude Include="ProductionTarget.h">
      <Filter>Interface</Filter>
    </ClInclude>
    <ClInclude Include="OrderForm.h">
      <Filter>Interface</Filter>
    </ClInclude>
    <ClInclude Include="PlayerClock.h">
      <Filter>Interface</Filter>
    </ClInclude>
    <ClInclude Include="Designer.h">
      <Filter>Interface</Filter>
    </ClInclude>
    <ClInclude Include="FogOfWar.h">
      <Filter>Fog</Filter>
    </ClInclude>
    <ClInclude Include="Hud.h">
      <Filter>Interface</Filter>
    </ClInclude>
    <ClInclude Include="Alerts.h">
      <Filter>Interface</Filter>
    </ClInclude>
    <ClInclude Include="KeyBindings.h">
      <Filter>Interface</Filter>
    </ClInclude>
  </ItemGroup>
  <ItemGroup>
    <ClCompile Include="pch.cpp" />
    <ClCompile Include="Camera.cpp">
      <Filter>Camera</Filter>
    </ClCompile>
    <ClCompile Include="GameClient.cpp">
      <Filter>Client</Filter>
    </ClCompile>
    <ClCompile Include="LoadDriver.cpp">
      <Filter>Measurement</Filter>
    </ClCompile>
    <ClCompile Include="MatchLog.cpp">
      <Filter>Measurement</Filter>
    </ClCompile>
    <ClCompile Include="ModelCatalog.cpp">
      <Filter>Models</Filter>
    </ClCompile>
    <ClCompile Include="Hardpoints.cpp">
      <Filter>Models</Filter>
    </ClCompile>
    <ClCompile Include="Picking.cpp">
      <Filter>Controls</Filter>
    </ClCompile>
    <ClCompile Include="PlayerControls.cpp">
      <Filter>Controls</Filter>
    </ClCompile>
    <ClCompile Include="SnapshotInterpolator.cpp">
      <Filter>Snapshots</Filter>
    </ClCompile>
    <ClCompile Include="ShipBanking.cpp">
      <Filter>Models</Filter>
    </ClCompile>
    <ClCompile Include="WindowManager.cpp">
      <Filter>Interface</Filter>
    </ClCompile>
    <ClCompile Include="Starfield.cpp">
      <Filter>Sky</Filter>
    </ClCompile>
    <ClCompile Include="CombatEffects.cpp">
      <Filter>Effects</Filter>
    </ClCompile>
    <ClCompile Include="ExplosionManager.cpp">
      <Filter>Effects</Filter>
    </ClCompile>
    <ClCompile Include="ParticleSystem.cpp">
      <Filter>Effects</Filter>
    </ClCompile>
    <ClCompile Include="ProductionTarget.cpp">
      <Filter>Interface</Filter>
    </ClCompile>
    <ClCompile Include="OrderForm.cpp">
      <Filter>Interface</Filter>
    </ClCompile>
    <ClCompile Include="PlayerClock.cpp">
      <Filter>Interface</Filter>
    </ClCompile>
    <ClCompile Include="Designer.cpp">
      <Filter>Interface</Filter>
    </ClCompile>
    <ClCompile Include="FogOfWar.cpp">
      <Filter>Fog</Filter>
    </ClCompile>
    <ClCompile Include="Hud.cpp">
      <Filter>Interface</Filter>
    </ClCompile>
    <ClCompile Include="Alerts.cpp">
      <Filter>Interface</Filter>
    </ClCompile>
  </ItemGroup>
</Project>
