<Solution>
  <Configurations>
    <Platform Name="ARM64" />
    <Platform Name="x64" />
    <Platform Name="x86" />
  </Configurations>
  <Project Path="GameClient/GameClient.vcxproj" Id="e984c62f-3a5e-4b4c-b86f-471e8ced9419">
    <Platform Solution="*|ARM64" Project="x64" />
  </Project>
  <Project Path="GameCore/GameCore.vcxitems" Id="e3b6e2e3-ea70-4f7e-a235-4306602eb3f7" />
  <Project Path="GameLogic/GameLogic.vcxproj" Id="fab7f7ca-841a-4a36-83b0-9681839fafbd" />
  <Project Path="NeuronClient/NeuronClient.vcxproj" Id="99c13ad7-48ed-419d-97c9-778e5cf2226a">
    <Platform Solution="*|ARM64" Project="x64" />
  </Project>
  <Project Path="NeuronCore/NeuronCore.vcxitems" Id="ed4fb991-b33e-46af-8d95-ca06f3d6a9b3" />
  <Project Path="NeuronServer/NeuronServer.vcxproj" Id="b80d682d-7273-4e30-b6c8-28a6ded19058" />
  <Project Path="OutpostCommander/OutpostCommander.vcxproj" Id="a3cb3683-efc6-4c64-9af2-b13d5f2800d8">
    <Deploy />
  </Project>
  <Project Path="Server/Server.vcxproj" Id="41ea402b-e3ac-4b00-a36f-8df1c02cfc63" />
</Solution>
