<?xml version="1.0" encoding="utf-8"?>
<Project ToolsVersion="4.0" xmlns="http://schemas.microsoft.com/developer/msbuild/2003">
  <ItemGroup>
    <Filter Include="Tuning">
      <UniqueIdentifier>{e91331e2-ffa7-4473-8eb1-69a430dd69f3}</UniqueIdentifier>
    </Filter>
    <Filter Include="Simulation">
      <UniqueIdentifier>{92ccb3a2-292c-47ba-8f2e-76c97ff86d78}</UniqueIdentifier>
    </Filter>
    <Filter Include="Map">
      <UniqueIdentifier>{0de0c299-803b-4665-b63f-de161298e279}</UniqueIdentifier>
    </Filter>
    <Filter Include="Movement">
      <UniqueIdentifier>{d0399d17-e251-4b68-abbe-6c9835502379}</UniqueIdentifier>
    </Filter>
    <Filter Include="Server">
      <UniqueIdentifier>{be7164de-0da7-4f61-bdc2-f9d191ff5452}</UniqueIdentifier>
    </Filter>
  </ItemGroup>
  <ItemGroup>
    <ClInclude Include="pch.h" />
    <ClInclude Include="GameLogic.h" />
    <ClInclude Include="Pathfinder.h">
      <Filter>Movement</Filter>
    </ClInclude>
    <ClInclude Include="PlaneVector.h">
      <Filter>Movement</Filter>
    </ClInclude>
    <ClInclude Include="Map.h">
      <Filter>Map</Filter>
    </ClInclude>
    <ClInclude Include="Simulation.h">
      <Filter>Simulation</Filter>
    </ClInclude>
    <ClInclude Include="InProcessServer.h">
      <Filter>Server</Filter>
    </ClInclude>
    <ClInclude Include="Tuning.h">
      <Filter>Tuning</Filter>
    </ClInclude>
  </ItemGroup>
  <ItemGroup>
    <ClCompile Include="pch.cpp" />
    <ClCompile Include="Pathfinder.cpp">
      <Filter>Movement</Filter>
    </ClCompile>
    <ClCompile Include="Map.cpp">
      <Filter>Map</Filter>
    </ClCompile>
    <ClCompile Include="Simulation.cpp">
      <Filter>Simulation</Filter>
    </ClCompile>
    <ClCompile Include="InProcessServer.cpp">
      <Filter>Server</Filter>
    </ClCompile>
    <ClCompile Include="Tuning.cpp">
      <Filter>Tuning</Filter>
    </ClCompile>
  </ItemGroup>
  <ItemGroup>
    <Content Include="..\Data\Map.json">
      <Filter>Map</Filter>
    </Content>
    <Content Include="..\Data\Tuning.json">
      <Filter>Tuning</Filter>
    </Content>
  </ItemGroup>
</Project>
