<?xml version="1.0" encoding="utf-8"?>
<Project ToolsVersion="4.0" xmlns="http://schemas.microsoft.com/developer/msbuild/2003">
  <ItemGroup>
    <Filter Include="Source Files">
      <UniqueIdentifier>{4FC737F1-C7A5-4376-A066-2A32D752A2FF}</UniqueIdentifier>
      <Extensions>cpp;c;cc;cxx;c++;cppm;ixx;def;odl;idl;hpj;bat;asm;asmx</Extensions>
    </Filter>
    <Filter Include="Header Files">
      <UniqueIdentifier>{93995380-89BD-4b04-88EB-625FBE52EBFB}</UniqueIdentifier>
      <Extensions>h;hh;hpp;hxx;h++;hm;inl;inc;ipp;xsd</Extensions>
    </Filter>
  </ItemGroup>
  <ItemGroup>
    <ClCompile Include="Sim.cpp">
      <Filter>Source Files</Filter>
    </ClCompile>
    <ClCompile Include="World.cpp">
      <Filter>Source Files</Filter>
    </ClCompile>
    <ClCompile Include="OrderValidation.cpp">
      <Filter>Source Files</Filter>
    </ClCompile>
    <ClCompile Include="Economy.cpp">
      <Filter>Source Files</Filter>
    </ClCompile>
    <ClCompile Include="Placement.cpp">
      <Filter>Source Files</Filter>
    </ClCompile>
    <ClCompile Include="Construction.cpp">
      <Filter>Source Files</Filter>
    </ClCompile>
    <ClCompile Include="Production.cpp">
      <Filter>Source Files</Filter>
    </ClCompile>
    <ClCompile Include="Research.cpp">
      <Filter>Source Files</Filter>
    </ClCompile>
    <ClCompile Include="Movement.cpp">
      <Filter>Source Files</Filter>
    </ClCompile>
    <ClCompile Include="Steering.cpp">
      <Filter>Source Files</Filter>
    </ClCompile>
    <ClCompile Include="Targeting.cpp">
      <Filter>Source Files</Filter>
    </ClCompile>
    <ClCompile Include="AiBlackboard.cpp">
      <Filter>Source Files</Filter>
    </ClCompile>
    <ClCompile Include="AiDesigner.cpp">
      <Filter>Source Files</Filter>
    </ClCompile>
    <ClCompile Include="AiSeat.cpp">
      <Filter>Source Files</Filter>
    </ClCompile>
    <ClCompile Include="Victory.cpp">
      <Filter>Source Files</Filter>
    </ClCompile>
    <ClCompile Include="Weapons.cpp">
      <Filter>Source Files</Filter>
    </ClCompile>
    <ClCompile Include="Projectiles.cpp">
      <Filter>Source Files</Filter>
    </ClCompile>
    <ClCompile Include="Damage.cpp">
      <Filter>Source Files</Filter>
    </ClCompile>
    <ClCompile Include="Retreat.cpp">
      <Filter>Source Files</Filter>
    </ClCompile>
    <ClCompile Include="Deposit.cpp">
      <Filter>Source Files</Filter>
    </ClCompile>
    <ClCompile Include="FogGrid.cpp">
      <Filter>Source Files</Filter>
    </ClCompile>
    <ClCompile Include="GhostStore.cpp">
      <Filter>Source Files</Filter>
    </ClCompile>
    <ClCompile Include="Visibility.cpp">
      <Filter>Source Files</Filter>
    </ClCompile>
    <ClCompile Include="ClusterGraph.cpp">
      <Filter>Source Files</Filter>
    </ClCompile>
    <ClCompile Include="PathPlanner.cpp">
      <Filter>Source Files</Filter>
    </ClCompile>
    <ClCompile Include="OrderQueue.cpp">
      <Filter>Source Files</Filter>
    </ClCompile>
    <ClCompile Include="StateHash.cpp">
      <Filter>Source Files</Filter>
    </ClCompile>
    <ClCompile Include="Snapshot.cpp">
      <Filter>Source Files</Filter>
    </ClCompile>
    <ClCompile Include="Landscape.cpp">
      <Filter>Source Files</Filter>
    </ClCompile>
    <ClCompile Include="LandscapeGenerator.cpp">
      <Filter>Source Files</Filter>
    </ClCompile>
    <ClCompile Include="pch.cpp">
      <Filter>Source Files</Filter>
    </ClCompile>
  </ItemGroup>
  <ItemGroup>
    <ClInclude Include="pch.h">
      <Filter>Header Files</Filter>
    </ClInclude>
    <ClInclude Include="Sim.h">
      <Filter>Header Files</Filter>
    </ClInclude>
    <ClInclude Include="MatchSettings.h">
      <Filter>Header Files</Filter>
    </ClInclude>
    <ClInclude Include="Seat.h">
      <Filter>Header Files</Filter>
    </ClInclude>
    <ClInclude Include="FogGrid.h">
      <Filter>Header Files</Filter>
    </ClInclude>
    <ClInclude Include="GhostStore.h">
      <Filter>Header Files</Filter>
    </ClInclude>
    <ClInclude Include="Visibility.h">
      <Filter>Header Files</Filter>
    </ClInclude>
    <ClInclude Include="ClusterGraph.h">
      <Filter>Header Files</Filter>
    </ClInclude>
    <ClInclude Include="PathPlanner.h">
      <Filter>Header Files</Filter>
    </ClInclude>
    <ClInclude Include="Path.h">
      <Filter>Header Files</Filter>
    </ClInclude>
    <ClInclude Include="ObjectId.h">
      <Filter>Header Files</Filter>
    </ClInclude>
    <ClInclude Include="Device.h">
      <Filter>Header Files</Filter>
    </ClInclude>
    <ClInclude Include="Structure.h">
      <Filter>Header Files</Filter>
    </ClInclude>
    <ClInclude Include="Projectile.h">
      <Filter>Header Files</Filter>
    </ClInclude>
    <ClInclude Include="Feature.h">
      <Filter>Header Files</Filter>
    </ClInclude>
    <ClInclude Include="Wreck.h">
      <Filter>Header Files</Filter>
    </ClInclude>
    <ClInclude Include="World.h">
      <Filter>Header Files</Filter>
    </ClInclude>
    <ClInclude Include="OrderValidation.h">
      <Filter>Header Files</Filter>
    </ClInclude>
    <ClInclude Include="Economy.h">
      <Filter>Header Files</Filter>
    </ClInclude>
    <ClInclude Include="Placement.h">
      <Filter>Header Files</Filter>
    </ClInclude>
    <ClInclude Include="Construction.h">
      <Filter>Header Files</Filter>
    </ClInclude>
    <ClInclude Include="Plan.h">
      <Filter>Header Files</Filter>
    </ClInclude>
    <ClInclude Include="Design.h">
      <Filter>Header Files</Filter>
    </ClInclude>
    <ClInclude Include="Production.h">
      <Filter>Header Files</Filter>
    </ClInclude>
    <ClInclude Include="Research.h">
      <Filter>Header Files</Filter>
    </ClInclude>
    <ClInclude Include="Movement.h">
      <Filter>Header Files</Filter>
    </ClInclude>
    <ClInclude Include="Steering.h">
      <Filter>Header Files</Filter>
    </ClInclude>
    <ClInclude Include="Targeting.h">
      <Filter>Header Files</Filter>
    </ClInclude>
    <ClInclude Include="AiBlackboard.h">
      <Filter>Header Files</Filter>
    </ClInclude>
    <ClInclude Include="AiDesigner.h">
      <Filter>Header Files</Filter>
    </ClInclude>
    <ClInclude Include="AiSeat.h">
      <Filter>Header Files</Filter>
    </ClInclude>
    <ClInclude Include="Victory.h">
      <Filter>Header Files</Filter>
    </ClInclude>
    <ClInclude Include="Weapons.h">
      <Filter>Header Files</Filter>
    </ClInclude>
    <ClInclude Include="Damage.h">
      <Filter>Header Files</Filter>
    </ClInclude>
    <ClInclude Include="Experience.h">
      <Filter>Header Files</Filter>
    </ClInclude>
    <ClInclude Include="Deposit.h">
      <Filter>Header Files</Filter>
    </ClInclude>
    <ClInclude Include="Order.h">
      <Filter>Header Files</Filter>
    </ClInclude>
    <ClInclude Include="OrderQueue.h">
      <Filter>Header Files</Filter>
    </ClInclude>
    <ClInclude Include="StateHash.h">
      <Filter>Header Files</Filter>
    </ClInclude>
    <ClInclude Include="Snapshot.h">
      <Filter>Header Files</Filter>
    </ClInclude>
    <ClInclude Include="Landscape.h">
      <Filter>Header Files</Filter>
    </ClInclude>
    <ClInclude Include="LandscapeGenerator.h">
      <Filter>Header Files</Filter>
    </ClInclude>
    <ClInclude Include="FractalTable.h">
      <Filter>Header Files</Filter>
    </ClInclude>
    <ClInclude Include="HeightDelta.h">
      <Filter>Header Files</Filter>
    </ClInclude>
  </ItemGroup>
</Project>
