<?xml version="1.0" encoding="utf-8"?>
<Project ToolsVersion="4.0" xmlns="http://schemas.microsoft.com/developer/msbuild/2003">
  <ItemGroup>
    <ClCompile Include="$(MSBuildThisFileDirectory)Catalog.cpp" />
    <ClCompile Include="$(MSBuildThisFileDirectory)DerivedStats.cpp" />
    <ClCompile Include="$(MSBuildThisFileDirectory)Design.cpp" />
    <ClCompile Include="$(MSBuildThisFileDirectory)Command.cpp" />
    <ClCompile Include="$(MSBuildThisFileDirectory)EntityRecord.cpp" />
    <ClCompile Include="$(MSBuildThisFileDirectory)GameCore.cpp" />
    <ClCompile Include="$(MSBuildThisFileDirectory)Join.cpp" />
    <ClCompile Include="$(MSBuildThisFileDirectory)Layout.cpp" />
    <ClCompile Include="$(MSBuildThisFileDirectory)Generator.cpp" />
    <ClCompile Include="$(MSBuildThisFileDirectory)ModuleSite.cpp" />
    <ClCompile Include="$(MSBuildThisFileDirectory)Update.cpp" />
  </ItemGroup>
  <ItemGroup>
    <ClInclude Include="$(MSBuildThisFileDirectory)Catalog.h" />
    <ClInclude Include="$(MSBuildThisFileDirectory)Command.h" />
    <ClInclude Include="$(MSBuildThisFileDirectory)DerivedStats.h" />
    <ClInclude Include="$(MSBuildThisFileDirectory)Design.h" />
    <ClInclude Include="$(MSBuildThisFileDirectory)Entity.h" />
    <ClInclude Include="$(MSBuildThisFileDirectory)EntityRecord.h" />
    <ClInclude Include="$(MSBuildThisFileDirectory)GameCore.h" />
    <ClInclude Include="$(MSBuildThisFileDirectory)SizeClass.h" />
    <ClInclude Include="$(MSBuildThisFileDirectory)Join.h" />
    <ClInclude Include="$(MSBuildThisFileDirectory)Layout.h" />
    <ClInclude Include="$(MSBuildThisFileDirectory)Generator.h" />
    <ClInclude Include="$(MSBuildThisFileDirectory)ModuleSite.h" />
    <ClInclude Include="$(MSBuildThisFileDirectory)Update.h" />
  </ItemGroup>
</Project>
