<?xml version="1.0" encoding="utf-8"?>
<Project ToolsVersion="4.0" xmlns="http://schemas.microsoft.com/developer/msbuild/2003">
  <ItemGroup>
    <Filter Include="Source Files">
      <UniqueIdentifier>{4FC737F1-C7A5-4376-A066-2A32D752A2FF}</UniqueIdentifier>
      <Extensions>cpp;c;cc;cxx;c++;cppm;ixx;def;odl;idl;hpj;bat;asm;asmx</Extensions>
    </Filter>
    <Filter Include="Header Files">
      <UniqueIdentifier>{93995380-89BD-4b04-88EB-625FBE52EBFB}</UniqueIdentifier>
      <Extensions>h;hh;hpp;hxx;h++;hm;inl;inc;ipp;xsd</Extensions>
    </Filter>
  </ItemGroup>
  <ItemGroup>
    <ClCompile Include="PointerModeTests.cpp">
      <Filter>Source Files</Filter>
    </ClCompile>
    <ClCompile Include="ScaleModeTests.cpp">
      <Filter>Source Files</Filter>
    </ClCompile>
    <ClCompile Include="UiLayoutTests.cpp">
      <Filter>Source Files</Filter>
    </ClCompile>
    <ClCompile Include="BitmapFontTests.cpp">
      <Filter>Source Files</Filter>
    </ClCompile>
    <ClCompile Include="UiInputSinkTests.cpp">
      <Filter>Source Files</Filter>
    </ClCompile>
    <ClCompile Include="UiDrawTests.cpp">
      <Filter>Source Files</Filter>
    </ClCompile>
    <ClCompile Include="FrameInputTests.cpp">
      <Filter>Source Files</Filter>
    </ClCompile>
    <ClCompile Include="GroundRayTests.cpp">
      <Filter>Source Files</Filter>
    </ClCompile>
    <ClCompile Include="CapturePathTests.cpp">
      <Filter>Source Files</Filter>
    </ClCompile>
    <ClCompile Include="MinimapTests.cpp">
      <Filter>Source Files</Filter>
    </ClCompile>
    <ClCompile Include="InputRouterTests.cpp">
      <Filter>Source Files</Filter>
    </ClCompile>
    <ClCompile Include="InputSubscriptionTests.cpp">
      <Filter>Source Files</Filter>
    </ClCompile>
    <ClCompile Include="TerrainChunkTests.cpp">
      <Filter>Source Files</Filter>
    </ClCompile>
    <ClCompile Include="CameraTests.cpp">
      <Filter>Source Files</Filter>
    </ClCompile>
    <ClCompile Include="FrameTimerTests.cpp">
      <Filter>Source Files</Filter>
    </ClCompile>
    <ClCompile Include="ModelBuffersTests.cpp">
      <Filter>Source Files</Filter>
    </ClCompile>
    <ClCompile Include="FogPassTests.cpp">
      <Filter>Source Files</Filter>
    </ClCompile>
    <ClCompile Include="pch.cpp">
      <Filter>Source Files</Filter>
    </ClCompile>
  </ItemGroup>
  <ItemGroup>
    <ClInclude Include="pch.h">
      <Filter>Header Files</Filter>
    </ClInclude>
  </ItemGroup>
</Project>
