<?xml version="1.0" encoding="utf-8"?>
<Project ToolsVersion="4.0" xmlns="http://schemas.microsoft.com/developer/msbuild/2003">
  <ItemGroup>
    <Filter Include="Interface">
      <UniqueIdentifier>{5b6985c7-bb18-41dc-8d6a-b0b1b25c69ef}</UniqueIdentifier>
    </Filter>
    <Filter Include="Profiling">
      <UniqueIdentifier>{ceb4ec25-96bd-4f4a-933f-8e665cabc6aa}</UniqueIdentifier>
    </Filter>
    <Filter Include="Shader">
      <UniqueIdentifier>{6a0f3c1e-8d24-4b57-9e3a-2c71f0b5d8e4}</UniqueIdentifier>
    </Filter>
    <Filter Include="Rendering">
      <UniqueIdentifier>{9f1c0e57-2d6b-4c1e-8a0d-5b7e3c2a41d9}</UniqueIdentifier>
    </Filter>
    <Filter Include="Window">
      <UniqueIdentifier>{3b3f9e06-bb42-405b-8a69-db79d7910f2d}</UniqueIdentifier>
    </Filter>
  </ItemGroup>
  <ItemGroup>
    <ClInclude Include="pch.h" />
    <ClInclude Include="NeuronClient.h" />
    <ClInclude Include="Renderer.h">
      <Filter>Rendering</Filter>
    </ClInclude>
    <ClInclude Include="Window.h">
      <Filter>Window</Filter>
    </ClInclude>
    <ClInclude Include="Mesh.h">
      <Filter>Rendering</Filter>
    </ClInclude>
    <ClInclude Include="MeshData.h">
      <Filter>Rendering</Filter>
    </ClInclude>
    <ClInclude Include="MeshPipeline.h">
      <Filter>Rendering</Filter>
    </ClInclude>
    <ClInclude Include="GlowPipeline.h">
      <Filter>Rendering</Filter>
    </ClInclude>
    <ClInclude Include="StarPipeline.h">
      <Filter>Rendering</Filter>
    </ClInclude>
    <ClInclude Include="TextureData.h">
      <Filter>Rendering</Filter>
    </ClInclude>
    <ClInclude Include="DirectXHelper.h" />
    <ClInclude Include="d3dx12.h" />
    <ClInclude Include="GlyphAtlas.h">
      <Filter>Interface</Filter>
    </ClInclude>
    <ClInclude Include="UiPipeline.h">
      <Filter>Interface</Filter>
    </ClInclude>
  </ItemGroup>
  <ItemGroup>
    <ClCompile Include="pch.cpp" />
    <ClCompile Include="Renderer.cpp">
      <Filter>Rendering</Filter>
    </ClCompile>
    <ClCompile Include="Window.cpp">
      <Filter>Window</Filter>
    </ClCompile>
    <ClCompile Include="Mesh.cpp">
      <Filter>Rendering</Filter>
    </ClCompile>
    <ClCompile Include="MeshData.cpp">
      <Filter>Rendering</Filter>
    </ClCompile>
    <ClCompile Include="MeshPipeline.cpp">
      <Filter>Rendering</Filter>
    </ClCompile>
    <ClCompile Include="GlowPipeline.cpp">
      <Filter>Rendering</Filter>
    </ClCompile>
    <ClCompile Include="StarPipeline.cpp">
      <Filter>Rendering</Filter>
    </ClCompile>
    <ClCompile Include="TextureData.cpp">
      <Filter>Rendering</Filter>
    </ClCompile>
    <ClCompile Include="GlyphAtlas.cpp">
      <Filter>Interface</Filter>
    </ClCompile>
    <ClCompile Include="UiPipeline.cpp">
      <Filter>Interface</Filter>
    </ClCompile>
  </ItemGroup>
  <ItemGroup>
    <FXCompile Include="Shader\MeshVS.hlsl">
      <Filter>Shader</Filter>
    </FXCompile>
    <FXCompile Include="Shader\MeshPS.hlsl">
      <Filter>Shader</Filter>
    </FXCompile>
    <FXCompile Include="Shader\GlowVS.hlsl">
      <Filter>Shader</Filter>
    </FXCompile>
    <FXCompile Include="Shader\GlowPS.hlsl">
      <Filter>Shader</Filter>
    </FXCompile>
    <FXCompile Include="Shader\GlowSpritePS.hlsl">
      <Filter>Shader</Filter>
    </FXCompile>
    <FXCompile Include="Shader\StarVS.hlsl">
      <Filter>Shader</Filter>
    </FXCompile>
    <FXCompile Include="Shader\StarPS.hlsl">
      <Filter>Shader</Filter>
    </FXCompile>
    <FXCompile Include="Shader\StarSpritePS.hlsl">
      <Filter>Shader</Filter>
    </FXCompile>
    <FXCompile Include="Shader\UiVS.hlsl">
      <Filter>Shader</Filter>
    </FXCompile>
    <FXCompile Include="Shader\UiPS.hlsl">
      <Filter>Shader</Filter>
    </FXCompile>
  </ItemGroup>
  <ItemGroup>
    <None Include="packages.config" />
  </ItemGroup>
  <ItemGroup>
    <Content Include="..\packages\WinPixEventRuntime.1.0.240308001\license.txt">
      <Filter>Profiling</Filter>
    </Content>
  </ItemGroup>
</Project>