<?xml version="1.0" encoding="utf-8"?>
<Project ToolsVersion="4.0" xmlns="http://schemas.microsoft.com/developer/msbuild/2003">
  <ItemGroup>
    <ClCompile Include="FitTransformTests.cpp" />
    <ClCompile Include="FrameStatisticsTests.cpp" />
    <ClCompile Include="GestureArithmeticTests.cpp" />
    <ClCompile Include="InterfaceTransformTests.cpp" />
    <ClCompile Include="PacketQueueTests.cpp" />
    <ClCompile Include="BlackbodyTests.cpp" />
    <ClCompile Include="CmoReaderTests.cpp" />
    <ClCompile Include="StarFieldTests.cpp" />
    <ClCompile Include="SceneTargetTests.cpp" />
    <ClCompile Include="SessionTokenTests.cpp" />
    <ClCompile Include="WindowMetricsTests.cpp" />
    <ClCompile Include="pch.cpp" />
  </ItemGroup>
  <ItemGroup>
    <ClInclude Include="pch.h" />
  </ItemGroup>
</Project>
