<?xml version="1.0" encoding="utf-8"?>
<Project ToolsVersion="4.0" xmlns="http://schemas.microsoft.com/developer/msbuild/2003">
  <ItemGroup>
    <ClCompile Include="Camera.cpp" />
    <ClCompile Include="ClientFrame.cpp" />
    <ClCompile Include="GameClient.cpp" />
    <ClCompile Include="CameraGesture.cpp" />
    <ClCompile Include="HullMesh.cpp" />
    <ClCompile Include="GroupSelection.cpp" />
    <ClCompile Include="HitTest.cpp" />
    <ClCompile Include="Interpolation.cpp" />
    <ClCompile Include="JoinState.cpp" />
    <ClCompile Include="FieldView.cpp" />
    <ClCompile Include="AsteroidMesh.cpp" />
    <ClCompile Include="PanelHitTest.cpp" />
    <ClCompile Include="Panels.cpp" />
    <ClCompile Include="OrderMarker.cpp" />
    <ClCompile Include="ReplicaStore.cpp" />
    <ClCompile Include="Selection.cpp" />
    <ClCompile Include="SkyLook.cpp" />
    <ClCompile Include="TapOrder.cpp" />
    <ClCompile Include="BotPolicy.cpp" />
    <ClCompile Include="ChurnSchedule.cpp" />
    <ClCompile Include="FloodSchedule.cpp" />
    <ClCompile Include="StressReport.cpp" />
    <ClCompile Include="pch.cpp" />
  </ItemGroup>
  <ItemGroup>
    <ClInclude Include="Camera.h" />
    <ClInclude Include="ClientFrame.h" />
    <ClInclude Include="GameClient.h" />
    <ClInclude Include="CameraGesture.h" />
    <ClInclude Include="HullMesh.h" />
    <ClInclude Include="GroupSelection.h" />
    <ClInclude Include="HitTest.h" />
    <ClInclude Include="Interpolation.h" />
    <ClInclude Include="MeshCatalog.g.h" />
    <ClInclude Include="JoinState.h" />
    <ClInclude Include="FieldView.h" />
    <ClInclude Include="AsteroidMesh.h" />
    <ClInclude Include="HudLayout.h" />
    <ClInclude Include="PanelHitTest.h" />
    <ClInclude Include="Panels.h" />
    <ClInclude Include="OrderMarker.h" />
    <ClInclude Include="ReplicaStore.h" />
    <ClInclude Include="Selection.h" />
    <ClInclude Include="SkyLook.h" />
    <ClInclude Include="TapOrder.h" />
    <ClInclude Include="BotPolicy.h" />
    <ClInclude Include="ChurnSchedule.h" />
    <ClInclude Include="FloodSchedule.h" />
    <ClInclude Include="StressReport.h" />
    <ClInclude Include="pch.h" />
  </ItemGroup>
</Project>
