<?xml version="1.0" encoding="utf-8"?>
<Project ToolsVersion="4.0" xmlns="http://schemas.microsoft.com/developer/msbuild/2003">
  <ItemGroup>
    <ClInclude Include="pch.h" />
    <ClInclude Include="RepositoryData.h" />
    <ClInclude Include="BalanceCheck.h" />
    <ClInclude Include="MatchArena.h" />
    <ClInclude Include="TerritoryMatch.h" />
  </ItemGroup>
  <ItemGroup>
    <ClCompile Include="pch.cpp" />
    <ClCompile Include="TuningTests.cpp" />
    <ClCompile Include="SimulationTests.cpp" />
    <ClCompile Include="InProcessServerTests.cpp" />
    <ClCompile Include="PackagedServerTests.cpp" />
    <ClCompile Include="QuicTransportTests.cpp" />
    <ClCompile Include="MapTests.cpp" />
    <ClCompile Include="MeasurementLoadTests.cpp" />
    <ClCompile Include="MovementTests.cpp" />
    <ClCompile Include="PathfinderTests.cpp" />
    <ClCompile Include="DesignTests.cpp" />
    <ClCompile Include="CombatTests.cpp" />
    <ClCompile Include="BalanceCheck.cpp" />
    <ClCompile Include="BalanceCheckTests.cpp" />
    <ClCompile Include="StressLoadTests.cpp" />
    <ClCompile Include="EconomyTests.cpp" />
    <ClCompile Include="ConstructionTests.cpp" />
    <ClCompile Include="ProductionTests.cpp" />
    <ClCompile Include="DefenseTests.cpp" />
    <ClCompile Include="FogTests.cpp" />
    <ClCompile Include="HandCheckTests.cpp" />
    <ClCompile Include="ResearchTests.cpp" />
    <ClCompile Include="SaveDesignTests.cpp" />
    <ClCompile Include="MatchOutcomeTests.cpp" />
    <ClCompile Include="AiPlayerTests.cpp" />
    <ClCompile Include="TerritoryTests.cpp" />
    <ClCompile Include="DominationTests.cpp" />
    <ClCompile Include="StandingOrderTests.cpp" />
    <ClCompile Include="UpgradeTests.cpp" />
    <ClCompile Include="FleetCapTests.cpp" />
    <ClCompile Include="PirateTests.cpp" />
    <ClCompile Include="SalvageTests.cpp" />
  </ItemGroup>
</Project>
