<?xml version="1.0" encoding="utf-8"?>
<Project ToolsVersion="4.0" xmlns="http://schemas.microsoft.com/developer/msbuild/2003">
  <ItemGroup>
    <ClInclude Include="pch.h" />
    <ClInclude Include="RepositoryData.h" />
    <ClInclude Include="Q2Check.h" />
  </ItemGroup>
  <ItemGroup>
    <ClCompile Include="pch.cpp" />
    <ClCompile Include="IdTests.cpp" />
    <ClCompile Include="JsonTests.cpp" />
    <ClCompile Include="TuningTests.cpp" />
    <ClCompile Include="TickHostTests.cpp" />
    <ClCompile Include="RandomTests.cpp" />
    <ClCompile Include="SimulationTests.cpp" />
    <ClCompile Include="InProcessServerTests.cpp" />
    <ClCompile Include="MapTests.cpp" />
    <ClCompile Include="MeasurementLoadTests.cpp" />
    <ClCompile Include="MovementTests.cpp" />
    <ClCompile Include="PathfinderTests.cpp" />
    <ClCompile Include="DesignTests.cpp" />
    <ClCompile Include="CombatTests.cpp" />
    <ClCompile Include="Q2Check.cpp" />
    <ClCompile Include="Q2CheckTests.cpp" />
  </ItemGroup>
</Project>
