<?xml version="1.0" encoding="utf-8"?>
<Project ToolsVersion="4.0" xmlns="http://schemas.microsoft.com/developer/msbuild/2003">
  <ItemGroup>
    <ClCompile Include="CameraTests.cpp" />
    <ClCompile Include="ClientFrameTests.cpp" />
    <ClCompile Include="SkyLookTests.cpp" />
    <ClCompile Include="OrderMarkerTests.cpp" />
    <ClCompile Include="WorldTransformTests.cpp" />
    <ClCompile Include="CameraGestureTests.cpp" />
    <ClCompile Include="HullMeshTests.cpp" />
    <ClCompile Include="GroupSelectionTests.cpp" />
    <ClCompile Include="BuildPanelTests.cpp" />
    <ClCompile Include="HitTestTests.cpp" />
    <ClCompile Include="ModulePlacementTests.cpp" />
    <ClCompile Include="InterpolationTests.cpp" />
    <ClCompile Include="JoinStateTests.cpp" />
    <ClCompile Include="FieldViewTests.cpp" />
    <ClCompile Include="AsteroidMeshTests.cpp" />
    <ClCompile Include="CreditFlashTests.cpp" />
    <ClCompile Include="TapLatencyProbeTests.cpp" />
    <ClCompile Include="HudLayoutTests.cpp" />
    <ClCompile Include="BotPolicyTests.cpp" />
    <ClCompile Include="ChurnScheduleTests.cpp" />
    <ClCompile Include="FloodScheduleTests.cpp" />
    <ClCompile Include="StressReportTests.cpp" />
    <ClCompile Include="pch.cpp" />
  </ItemGroup>
  <ItemGroup>
    <ClInclude Include="pch.h" />
  </ItemGroup>
</Project>
