<?xml version="1.0" encoding="utf-8"?>
<Project ToolsVersion="4.0" xmlns="http://schemas.microsoft.com/developer/msbuild/2003">
  <ItemGroup>
    <Filter Include="Package">
      <UniqueIdentifier>{52e329fe-15c9-4a76-8a0e-c3b3c59a9c0b}</UniqueIdentifier>
    </Filter>
    <Filter Include="Shell">
      <UniqueIdentifier>{0b6a1f27-4c1e-4d5e-9a57-2f0e3c8d71a4}</UniqueIdentifier>
    </Filter>
    <Filter Include="Package\Assets">
      <UniqueIdentifier>{7f8c0835-f104-4767-9fce-16a2a3a42c5c}</UniqueIdentifier>
    </Filter>
    <Filter Include="Package\Assets\Models">
      <UniqueIdentifier>{5f2acc97-725b-423a-9ca6-10cfc68af7d1}</UniqueIdentifier>
    </Filter>
    <Filter Include="Package\Assets\Models\Asteroid">
      <UniqueIdentifier>{1841246e-b16e-4b07-83f1-6764f466d9be}</UniqueIdentifier>
    </Filter>
    <Filter Include="Package\Assets\Models\Human">
      <UniqueIdentifier>{03f2b4f0-6d3d-452b-ab63-3f1cd5ef7c52}</UniqueIdentifier>
    </Filter>
    <Filter Include="Package\Assets\Models\Tarkan">
      <UniqueIdentifier>{016b1ca7-296a-442f-8007-6a48dbbc4c6f}</UniqueIdentifier>
    </Filter>
  </ItemGroup>
  <ItemGroup>
    <ClInclude Include="pch.h" />
  </ItemGroup>
  <ItemGroup>
    <ClCompile Include="pch.cpp" />
    <ClCompile Include="WinMain.cpp">
      <Filter>Shell</Filter>
    </ClCompile>
  </ItemGroup>
  <ItemGroup>
    <AppxManifest Include="Package.appxmanifest">
      <Filter>Package</Filter>
    </AppxManifest>
  </ItemGroup>
  <ItemGroup>
    <Manifest Include="app.manifest">
      <Filter>Package</Filter>
    </Manifest>
  </ItemGroup>
  <ItemGroup>
    <None Include="packages.config">
      <Filter>Package</Filter>
    </None>
    <None Include="Assets\Camera.json">
      <Filter>Package\Assets</Filter>
    </None>
    <None Include="Assets\Models.json">
      <Filter>Package\Assets</Filter>
    </None>
    <None Include="Assets\Map.json">
      <Filter>Package\Assets</Filter>
    </None>
    <None Include="Assets\Tuning.json">
      <Filter>Package\Assets</Filter>
    </None>
    <None Include="Assets\Models\Asteroids\Asteroid.cmo">
      <Filter>Package\Assets\Models\Asteroid</Filter>
    </None>
    <None Include="Assets\Models\Human\Carrier.cmo">
      <Filter>Package\Assets\Models\Human</Filter>
    </None>
    <None Include="Assets\Models\Human\Colonizer.cmo">
      <Filter>Package\Assets\Models\Human</Filter>
    </None>
    <None Include="Assets\Models\Human\Drone.cmo">
      <Filter>Package\Assets\Models\Human</Filter>
    </None>
    <None Include="Assets\Models\Human\Fighter.cmo">
      <Filter>Package\Assets\Models\Human</Filter>
    </None>
    <None Include="Assets\Models\Human\Freighter.cmo">
      <Filter>Package\Assets\Models\Human</Filter>
    </None>
    <None Include="Assets\Models\Human\Huge.cmo">
      <Filter>Package\Assets\Models\Human</Filter>
    </None>
    <None Include="Assets\Models\Human\Large.cmo">
      <Filter>Package\Assets\Models\Human</Filter>
    </None>
    <None Include="Assets\Models\Human\Medium.cmo">
      <Filter>Package\Assets\Models\Human</Filter>
    </None>
    <None Include="Assets\Models\Human\Mine.cmo">
      <Filter>Package\Assets\Models\Human</Filter>
    </None>
    <None Include="Assets\Models\Human\Satellite.cmo">
      <Filter>Package\Assets\Models\Human</Filter>
    </None>
    <None Include="Assets\Models\Human\Small.cmo">
      <Filter>Package\Assets\Models\Human</Filter>
    </None>
    <None Include="Assets\Models\Human\Station.cmo">
      <Filter>Package\Assets\Models\Human</Filter>
    </None>
    <None Include="Assets\Models\Human\Tiny.cmo">
      <Filter>Package\Assets\Models\Human</Filter>
    </None>
    <None Include="Assets\Models\Human\VeryLarge.cmo">
      <Filter>Package\Assets\Models\Human</Filter>
    </None>
    <None Include="Assets\Models\Tarkan\Carrier.cmo">
      <Filter>Package\Assets\Models\Tarkan</Filter>
    </None>
    <None Include="Assets\Models\Tarkan\Colonizer.cmo">
      <Filter>Package\Assets\Models\Tarkan</Filter>
    </None>
    <None Include="Assets\Models\Tarkan\Drone.cmo">
      <Filter>Package\Assets\Models\Tarkan</Filter>
    </None>
    <None Include="Assets\Models\Tarkan\Fighter.cmo">
      <Filter>Package\Assets\Models\Tarkan</Filter>
    </None>
    <None Include="Assets\Models\Tarkan\Freighter.cmo">
      <Filter>Package\Assets\Models\Tarkan</Filter>
    </None>
    <None Include="Assets\Models\Tarkan\Huge.cmo">
      <Filter>Package\Assets\Models\Tarkan</Filter>
    </None>
    <None Include="Assets\Models\Tarkan\Large.cmo">
      <Filter>Package\Assets\Models\Tarkan</Filter>
    </None>
    <None Include="Assets\Models\Tarkan\Medium.cmo">
      <Filter>Package\Assets\Models\Tarkan</Filter>
    </None>
    <None Include="Assets\Models\Tarkan\Mine.cmo">
      <Filter>Package\Assets\Models\Tarkan</Filter>
    </None>
    <None Include="Assets\Models\Tarkan\Satellite.cmo">
      <Filter>Package\Assets\Models\Tarkan</Filter>
    </None>
    <None Include="Assets\Models\Tarkan\Small.cmo">
      <Filter>Package\Assets\Models\Tarkan</Filter>
    </None>
    <None Include="Assets\Models\Tarkan\Station.cmo">
      <Filter>Package\Assets\Models\Tarkan</Filter>
    </None>
    <None Include="Assets\Models\Tarkan\Tiny.cmo">
      <Filter>Package\Assets\Models\Tarkan</Filter>
    </None>
    <None Include="Assets\Models\Tarkan\VeryLarge.cmo">
      <Filter>Package\Assets\Models\Tarkan</Filter>
    </None>
  </ItemGroup>
  <ItemGroup>
    <Image Include="Assets\LockScreenLogo.scale-200.png">
      <Filter>Package\Assets</Filter>
    </Image>
    <Image Include="Assets\SplashScreen.scale-200.png">
      <Filter>Package\Assets</Filter>
    </Image>
    <Image Include="Assets\Square150x150Logo.scale-200.png">
      <Filter>Package\Assets</Filter>
    </Image>
    <Image Include="Assets\Square44x44Logo.scale-200.png">
      <Filter>Package\Assets</Filter>
    </Image>
    <Image Include="Assets\Square44x44Logo.targetsize-24_altform-unplated.png">
      <Filter>Package\Assets</Filter>
    </Image>
    <Image Include="Assets\StoreLogo.png">
      <Filter>Package\Assets</Filter>
    </Image>
    <Image Include="Assets\Wide310x150Logo.scale-200.png">
      <Filter>Package\Assets</Filter>
    </Image>
  </ItemGroup>
</Project>