<?xml version="1.0" encoding="utf-8"?>
<Project ToolsVersion="4.0" xmlns="http://schemas.microsoft.com/developer/msbuild/2003">
  <ItemGroup>
    <Filter Include="Source Files">
      <UniqueIdentifier>{4FC737F1-C7A5-4376-A066-2A32D752A2FF}</UniqueIdentifier>
      <Extensions>cpp;c;cc;cxx;c++;cppm;ixx;def;odl;idl;hpj;bat;asm;asmx</Extensions>
    </Filter>
    <Filter Include="Header Files">
      <UniqueIdentifier>{93995380-89BD-4b04-88EB-625FBE52EBFB}</UniqueIdentifier>
      <Extensions>h;hh;hpp;hxx;h++;hm;inl;inc;ipp;xsd</Extensions>
    </Filter>
  </ItemGroup>
  <ItemGroup>
    <ClCompile Include="ContentHash.cpp">
      <Filter>Source Files</Filter>
    </ClCompile>
    <ClCompile Include="ContentLoader.cpp">
      <Filter>Source Files</Filter>
    </ClCompile>
    <ClCompile Include="ContentValidator.cpp">
      <Filter>Source Files</Filter>
    </ClCompile>
    <ClCompile Include="Deposit.cpp">
      <Filter>Source Files</Filter>
    </ClCompile>
    <ClCompile Include="DesignStats.cpp">
      <Filter>Source Files</Filter>
    </ClCompile>
    <ClCompile Include="FogGrid.cpp">
      <Filter>Source Files</Filter>
    </ClCompile>
    <ClCompile Include="Fragmenter.cpp">
      <Filter>Source Files</Filter>
    </ClCompile>
    <ClCompile Include="GhostStore.cpp">
      <Filter>Source Files</Filter>
    </ClCompile>
    <ClCompile Include="Landscape.cpp">
      <Filter>Source Files</Filter>
    </ClCompile>
    <ClCompile Include="LandscapeGenerator.cpp">
      <Filter>Source Files</Filter>
    </ClCompile>
    <ClCompile Include="Messages.cpp">
      <Filter>Source Files</Filter>
    </ClCompile>
    <ClCompile Include="Placement.cpp">
      <Filter>Source Files</Filter>
    </ClCompile>
    <ClCompile Include="Reassembler.cpp">
      <Filter>Source Files</Filter>
    </ClCompile>
    <ClCompile Include="Records.cpp">
      <Filter>Source Files</Filter>
    </ClCompile>
    <ClCompile Include="ReliableStream.cpp">
      <Filter>Source Files</Filter>
    </ClCompile>
    <ClCompile Include="StateHash.cpp">
      <Filter>Source Files</Filter>
    </ClCompile>
    <ClCompile Include="World.cpp">
      <Filter>Source Files</Filter>
    </ClCompile>
    <ClCompile Include="pch.cpp">
      <Filter>Source Files</Filter>
    </ClCompile>
  </ItemGroup>
  <ItemGroup>
    <ClInclude Include="BiomeDesc.h">
      <Filter>Header Files</Filter>
    </ClInclude>
    <ClInclude Include="ComponentDesc.h">
      <Filter>Header Files</Filter>
    </ClInclude>
    <ClInclude Include="ContentHash.h">
      <Filter>Header Files</Filter>
    </ClInclude>
    <ClInclude Include="ContentLoader.h">
      <Filter>Header Files</Filter>
    </ClInclude>
    <ClInclude Include="ContentTree.h">
      <Filter>Header Files</Filter>
    </ClInclude>
    <ClInclude Include="ContentValidator.h">
      <Filter>Header Files</Filter>
    </ClInclude>
    <ClInclude Include="DamageTable.h">
      <Filter>Header Files</Filter>
    </ClInclude>
    <ClInclude Include="Deposit.h">
      <Filter>Header Files</Filter>
    </ClInclude>
    <ClInclude Include="Design.h">
      <Filter>Header Files</Filter>
    </ClInclude>
    <ClInclude Include="DesignStats.h">
      <Filter>Header Files</Filter>
    </ClInclude>
    <ClInclude Include="Device.h">
      <Filter>Header Files</Filter>
    </ClInclude>
    <ClInclude Include="Feature.h">
      <Filter>Header Files</Filter>
    </ClInclude>
    <ClInclude Include="FogGrid.h">
      <Filter>Header Files</Filter>
    </ClInclude>
    <ClInclude Include="FractalTable.h">
      <Filter>Header Files</Filter>
    </ClInclude>
    <ClInclude Include="Fragmenter.h">
      <Filter>Header Files</Filter>
    </ClInclude>
    <ClInclude Include="GhostStore.h">
      <Filter>Header Files</Filter>
    </ClInclude>
    <ClInclude Include="HeightDelta.h">
      <Filter>Header Files</Filter>
    </ClInclude>
    <ClInclude Include="Landscape.h">
      <Filter>Header Files</Filter>
    </ClInclude>
    <ClInclude Include="LandscapeDefinition.h">
      <Filter>Header Files</Filter>
    </ClInclude>
    <ClInclude Include="LandscapeGenerator.h">
      <Filter>Header Files</Filter>
    </ClInclude>
    <ClInclude Include="MatchSettings.h">
      <Filter>Header Files</Filter>
    </ClInclude>
    <ClInclude Include="Messages.h">
      <Filter>Header Files</Filter>
    </ClInclude>
    <ClInclude Include="ObjectId.h">
      <Filter>Header Files</Filter>
    </ClInclude>
    <ClInclude Include="Order.h">
      <Filter>Header Files</Filter>
    </ClInclude>
    <ClInclude Include="Placement.h">
      <Filter>Header Files</Filter>
    </ClInclude>
    <ClInclude Include="Plan.h">
      <Filter>Header Files</Filter>
    </ClInclude>
    <ClInclude Include="Projectile.h">
      <Filter>Header Files</Filter>
    </ClInclude>
    <ClInclude Include="Reassembler.h">
      <Filter>Header Files</Filter>
    </ClInclude>
    <ClInclude Include="Records.h">
      <Filter>Header Files</Filter>
    </ClInclude>
    <ClInclude Include="ReliableStream.h">
      <Filter>Header Files</Filter>
    </ClInclude>
    <ClInclude Include="ResearchItemDesc.h">
      <Filter>Header Files</Filter>
    </ClInclude>
    <ClInclude Include="Seat.h">
      <Filter>Header Files</Filter>
    </ClInclude>
    <ClInclude Include="SoundEventDesc.h">
      <Filter>Header Files</Filter>
    </ClInclude>
    <ClInclude Include="StampDesc.h">
      <Filter>Header Files</Filter>
    </ClInclude>
    <ClInclude Include="StateHash.h">
      <Filter>Header Files</Filter>
    </ClInclude>
    <ClInclude Include="Structure.h">
      <Filter>Header Files</Filter>
    </ClInclude>
    <ClInclude Include="StructureDesc.h">
      <Filter>Header Files</Filter>
    </ClInclude>
    <ClInclude Include="VictoryState.h">
      <Filter>Header Files</Filter>
    </ClInclude>
    <ClInclude Include="World.h">
      <Filter>Header Files</Filter>
    </ClInclude>
    <ClInclude Include="Wreck.h">
      <Filter>Header Files</Filter>
    </ClInclude>
    <ClInclude Include="pch.h">
      <Filter>Header Files</Filter>
    </ClInclude>
  </ItemGroup>
</Project>
